{
  "object": {
    "pins": [
      {
        "package": "abseil",
        "repositoryURL": "https://github.com/firebase/abseil-cpp-SwiftPM.git",
        "state": {
          "branch": null,
          "revision": "05d8107f2971a37e6c77245b7c4c6b0a7e97bc99",
          "version": null
        }
      },
      {
        "package": "BoringSSL-GRPC",
        "repositoryURL": "https://github.com/firebase/boringssl-SwiftPM.git",
        "state": {
          "branch": null,
          "revision": "7bcafa2660bc58715c39637494550d1ed7cd7229",
          "version": null
        }
      },
      {
        "package": "Facebook",
        "repositoryURL": "https://github.com/facebook/facebook-ios-sdk",
        "state": {
          "branch": "9.3.0-rc",
          "revision": "c3d367656ae8ced1149c2c6a5e6b5dd91ecad63c",
          "version": null
        }
      },
      {
        "package": "Firebase",
        "repositoryURL": "https://github.com/firebase/firebase-ios-sdk",
        "state": {
          "branch": "7.0-spm-beta",
          "revision": "ab758f2ac842b12560354af0526e21d73235d4d3",
          "version": null
        }
      },
      {
        "package": "gRPC",
        "repositoryURL": "https://github.com/firebase/grpc-SwiftPM.git",
        "state": {
          "branch": null,
          "revision": "5bb2669317ae2183f4cb00c675423af1924f0b46",
          "version": null
        }
      },
      {
        "package": "GTMSessionFetcher",
        "repositoryURL": "https://github.com/google/gtm-session-fetcher.git",
        "state": {
          "branch": null,
          "revision": "91ed3d188eb95705fef3c249453b81f32dc557d1",
          "version": "1.5.0"
        }
      },
      {
        "package": "iPhoneNumberField",
        "repositoryURL": "https://github.com/MojtabaHs/iPhoneNumberField",
        "state": {
          "branch": null,
          "revision": "a6b5fcc6c9b085285932fe4fe754086ab92409cb",
          "version": "0.6.1"
        }
      },
      {
        "package": "Kingfisher",
        "repositoryURL": "https://github.com/onevcat/Kingfisher",
        "state": {
          "branch": null,
          "revision": "44450a8f564d7c0165f736ba2250649ff8d3e556",
          "version": "6.3.0"
        }
      },
      {
        "package": "leveldb",
        "repositoryURL": "https://github.com/firebase/leveldb.git",
        "state": {
          "branch": null,
          "revision": "fa1f25f296a766e5a789c4dacd4798dea798b2c2",
          "version": null
        }
      },
      {
        "package": "nanopb",
        "repositoryURL": "https://github.com/nanopb/nanopb.git",
        "state": {
          "branch": null,
          "revision": "8119dfe5631f2616d11e50ead95448d12e816062",
          "version": null
        }
      },
      {
        "package": "PhoneNumberKit",
        "repositoryURL": "https://github.com/marmelroy/PhoneNumberKit",
        "state": {
          "branch": null,
          "revision": "1ef0431b971f69c48ca5eb4cdba07f2c5da54c35",
          "version": "3.3.3"
        }
      },
      {
        "package": "Promises",
        "repositoryURL": "https://github.com/google/promises.git",
        "state": {
          "branch": null,
          "revision": "d8accebc8fa32f57196df191e733f946e955c549",
          "version": "1.2.11"
        }
      }
    ]
  },
  "version": 1
}
