// !$*UTF8*$!
{
	archiveVersion = 1;
	classes = {
	};
	objectVersion = 52;
	objects = {

/* Begin PBXBuildFile section */
		6102B19425F9B1D400322777 /* BulkImageUploadView.swift in Sources */ = {isa = PBXBuildFile; fileRef = 6102B19325F9B1D400322777 /* BulkImageUploadView.swift */; };
		6102B19725F9BBA300322777 /* ActorListView.swift in Sources */ = {isa = PBXBuildFile; fileRef = 6102B19625F9BBA300322777 /* ActorListView.swift */; };
		6102B19A25FAF5DD00322777 /* PushManager.swift in Sources */ = {isa = PBXBuildFile; fileRef = 6102B19925FAF5DD00322777 /* PushManager.swift */; };
		611DD28A25B8F1340013FD05 /* StackedImageView.swift in Sources */ = {isa = PBXBuildFile; fileRef = 611DD28925B8F1340013FD05 /* StackedImageView.swift */; };
		611DD28E25B9D7220013FD05 /* View+Extensions.swift in Sources */ = {isa = PBXBuildFile; fileRef = 611DD28D25B9D7220013FD05 /* View+Extensions.swift */; };
		611DD29225B9D7A40013FD05 /* HapticTestView.swift in Sources */ = {isa = PBXBuildFile; fileRef = 611DD29125B9D7A40013FD05 /* HapticTestView.swift */; };
		611DD37F25C1CF030013FD05 /* BackgroundView.swift in Sources */ = {isa = PBXBuildFile; fileRef = 611DD37E25C1CF030013FD05 /* BackgroundView.swift */; };
		611DD38225C1D7760013FD05 /* SlantedBackgroundView.swift in Sources */ = {isa = PBXBuildFile; fileRef = 611DD38125C1D7760013FD05 /* SlantedBackgroundView.swift */; };
		611DD38B25C207880013FD05 /* ScriptView.swift in Sources */ = {isa = PBXBuildFile; fileRef = 611DD38A25C207880013FD05 /* ScriptView.swift */; };
		611DD3CF25C33A790013FD05 /* File.swift in Sources */ = {isa = PBXBuildFile; fileRef = 611DD3CE25C33A780013FD05 /* File.swift */; };
		61312A18259D215B0057CA6B /* HUDViews.swift in Sources */ = {isa = PBXBuildFile; fileRef = 61312A17259D215B0057CA6B /* HUDViews.swift */; };
		61312A1D259D550F0057CA6B /* ImageEditView.swift in Sources */ = {isa = PBXBuildFile; fileRef = 61312A1C259D550F0057CA6B /* ImageEditView.swift */; };
		61312A21259D59120057CA6B /* SceneListView.swift in Sources */ = {isa = PBXBuildFile; fileRef = 61312A20259D59120057CA6B /* SceneListView.swift */; };
		61312A25259E83650057CA6B /* ImageOverLayView.swift in Sources */ = {isa = PBXBuildFile; fileRef = 61312A24259E83640057CA6B /* ImageOverLayView.swift */; };
		61312A28259E940D0057CA6B /* ImageActorView.swift in Sources */ = {isa = PBXBuildFile; fileRef = 61312A27259E940C0057CA6B /* ImageActorView.swift */; };
		613979C325A4E53600498E81 /* EditNoteView.swift in Sources */ = {isa = PBXBuildFile; fileRef = 613979C225A4E53600498E81 /* EditNoteView.swift */; };
		61397AD425AC8CBF00498E81 /* ImageTextRowView.swift in Sources */ = {isa = PBXBuildFile; fileRef = 61397AD325AC8CBF00498E81 /* ImageTextRowView.swift */; };
		614DA5CE25EC4E7900E861A0 /* ProjectAdminView.swift in Sources */ = {isa = PBXBuildFile; fileRef = 614DA5CD25EC4E7900E861A0 /* ProjectAdminView.swift */; };
		616D0D7B2560C7150007F798 /* StyleApp.swift in Sources */ = {isa = PBXBuildFile; fileRef = 616D0D7A2560C7150007F798 /* StyleApp.swift */; };
		616D0D7D2560C7150007F798 /* ContentView.swift in Sources */ = {isa = PBXBuildFile; fileRef = 616D0D7C2560C7150007F798 /* ContentView.swift */; };
		616D0D7F2560C7160007F798 /* Assets.xcassets in Resources */ = {isa = PBXBuildFile; fileRef = 616D0D7E2560C7160007F798 /* Assets.xcassets */; };
		616D0D822560C7160007F798 /* Preview Assets.xcassets in Resources */ = {isa = PBXBuildFile; fileRef = 616D0D812560C7160007F798 /* Preview Assets.xcassets */; };
		616D0D842560C7160007F798 /* Persistence.swift in Sources */ = {isa = PBXBuildFile; fileRef = 616D0D832560C7160007F798 /* Persistence.swift */; };
		616D0D872560C7160007F798 /* Style.xcdatamodeld in Sources */ = {isa = PBXBuildFile; fileRef = 616D0D852560C7160007F798 /* Style.xcdatamodeld */; };
		616D0DA22560CCAB0007F798 /* GoogleService-Info.plist in Resources */ = {isa = PBXBuildFile; fileRef = 616D0DA12560CCAB0007F798 /* GoogleService-Info.plist */; };
		616D0DA52560CD9E0007F798 /* AppDelegate.swift in Sources */ = {isa = PBXBuildFile; fileRef = 616D0DA42560CD9E0007F798 /* AppDelegate.swift */; };
		616D0DAD2560D0900007F798 /* SessionStore.swift in Sources */ = {isa = PBXBuildFile; fileRef = 616D0DAC2560D0900007F798 /* SessionStore.swift */; };
		616D0DB02560D6E10007F798 /* AuthView.swift in Sources */ = {isa = PBXBuildFile; fileRef = 616D0DAF2560D6E10007F798 /* AuthView.swift */; };
		616DDFDA264F33E700FC859B /* TabBarView.swift in Sources */ = {isa = PBXBuildFile; fileRef = 616DDFD9264F33E700FC859B /* TabBarView.swift */; };
		616DDFDC264F352E00FC859B /* GalleryView.swift in Sources */ = {isa = PBXBuildFile; fileRef = 616DDFDB264F352E00FC859B /* GalleryView.swift */; };
		616DDFDF264F361200FC859B /* SwiftlySearch in Frameworks */ = {isa = PBXBuildFile; productRef = 616DDFDE264F361200FC859B /* SwiftlySearch */; };
		616DDFE1264F695300FC859B /* TokenSearchBar.swift in Sources */ = {isa = PBXBuildFile; fileRef = 616DDFE0264F695300FC859B /* TokenSearchBar.swift */; };
		616DDFE4264F819400FC859B /* ViewControllerResolver.swift in Sources */ = {isa = PBXBuildFile; fileRef = 616DDFE2264F819400FC859B /* ViewControllerResolver.swift */; };
		616DDFE5264F819400FC859B /* SearchBar.swift in Sources */ = {isa = PBXBuildFile; fileRef = 616DDFE3264F819400FC859B /* SearchBar.swift */; };
		616DDFE7264FB27700FC859B /* ActorView.swift in Sources */ = {isa = PBXBuildFile; fileRef = 616DDFE6264FB27700FC859B /* ActorView.swift */; };
		616DDFE9264FB2C300FC859B /* SceneView.swift in Sources */ = {isa = PBXBuildFile; fileRef = 616DDFE8264FB2C300FC859B /* SceneView.swift */; };
		616DDFEB264FB2D900FC859B /* NoteListView.swift in Sources */ = {isa = PBXBuildFile; fileRef = 616DDFEA264FB2D900FC859B /* NoteListView.swift */; };
		616DDFED2653462300FC859B /* SideBarView.swift in Sources */ = {isa = PBXBuildFile; fileRef = 616DDFEC2653462300FC859B /* SideBarView.swift */; };
		616DDFEF265348B000FC859B /* MainView.swift in Sources */ = {isa = PBXBuildFile; fileRef = 616DDFEE265348AF00FC859B /* MainView.swift */; };
		61756E0C263C7BD10049BE73 /* ProjectListRow.swift in Sources */ = {isa = PBXBuildFile; fileRef = 61756E0B263C7BD10049BE73 /* ProjectListRow.swift */; };
		61756E30263E01ED0049BE73 /* FirebaseFirestore in Frameworks */ = {isa = PBXBuildFile; productRef = 61756E2F263E01ED0049BE73 /* FirebaseFirestore */; };
		61756E32263E01F20049BE73 /* FirebaseFirestoreSwift-Beta in Frameworks */ = {isa = PBXBuildFile; productRef = 61756E31263E01F20049BE73 /* FirebaseFirestoreSwift-Beta */; };
		61756E34263E02030049BE73 /* FacebookLogin in Frameworks */ = {isa = PBXBuildFile; productRef = 61756E33263E02030049BE73 /* FacebookLogin */; };
		61756E36263E02120049BE73 /* FacebookCore in Frameworks */ = {isa = PBXBuildFile; productRef = 61756E35263E02120049BE73 /* FacebookCore */; };
		61756E38263E03700049BE73 /* FirebaseStorage in Frameworks */ = {isa = PBXBuildFile; productRef = 61756E37263E03700049BE73 /* FirebaseStorage */; };
		61756E3A263E03760049BE73 /* FirebaseStorageSwift-Beta in Frameworks */ = {isa = PBXBuildFile; productRef = 61756E39263E03760049BE73 /* FirebaseStorageSwift-Beta */; };
		61756E42263E04590049BE73 /* Kingfisher in Frameworks */ = {isa = PBXBuildFile; productRef = 61756E41263E04590049BE73 /* Kingfisher */; };
		61756E44263E068E0049BE73 /* iPhoneNumberField in Frameworks */ = {isa = PBXBuildFile; productRef = 61756E43263E068E0049BE73 /* iPhoneNumberField */; };
		61756E46263E06A30049BE73 /* FirebaseInAppMessaging-Beta in Frameworks */ = {isa = PBXBuildFile; productRef = 61756E45263E06A30049BE73 /* FirebaseInAppMessaging-Beta */; };
		61756E48263E06A90049BE73 /* FirebaseMessaging in Frameworks */ = {isa = PBXBuildFile; productRef = 61756E47263E06A90049BE73 /* FirebaseMessaging */; };
		61756E4A263E075A0049BE73 /* FirebaseAuth in Frameworks */ = {isa = PBXBuildFile; productRef = 61756E49263E075A0049BE73 /* FirebaseAuth */; };
		61756E4C263E075F0049BE73 /* FirebaseAnalytics in Frameworks */ = {isa = PBXBuildFile; productRef = 61756E4B263E075F0049BE73 /* FirebaseAnalytics */; };
		61756E4E263E07670049BE73 /* FirebaseDatabase in Frameworks */ = {isa = PBXBuildFile; productRef = 61756E4D263E07670049BE73 /* FirebaseDatabase */; };
		61756E51263E40640049BE73 /* AlertToast in Frameworks */ = {isa = PBXBuildFile; productRef = 61756E50263E40640049BE73 /* AlertToast */; };
		6181707625621C8E0008ED28 /* FBLoginButton.swift in Sources */ = {isa = PBXBuildFile; fileRef = 6181707525621C8E0008ED28 /* FBLoginButton.swift */; };
		618923DE256335DF004184BB /* AppleLoginButton.swift in Sources */ = {isa = PBXBuildFile; fileRef = 618923DD256335DF004184BB /* AppleLoginButton.swift */; };
		618923E22563515F004184BB /* LoginViewModel.swift in Sources */ = {isa = PBXBuildFile; fileRef = 618923E12563515F004184BB /* LoginViewModel.swift */; };
		618923FA25636F7A004184BB /* UIPlayerView.swift in Sources */ = {isa = PBXBuildFile; fileRef = 618923F925636F7A004184BB /* UIPlayerView.swift */; };
		6189253A256BE1E2004184BB /* UserUpdateView.swift in Sources */ = {isa = PBXBuildFile; fileRef = 61892539256BE1E2004184BB /* UserUpdateView.swift */; };
		6189253D256BE56E004184BB /* ImagePicker.swift in Sources */ = {isa = PBXBuildFile; fileRef = 6189253C256BE56E004184BB /* ImagePicker.swift */; };
		61892543256BE989004184BB /* ViewModifiers.swift in Sources */ = {isa = PBXBuildFile; fileRef = 61892542256BE988004184BB /* ViewModifiers.swift */; };
		61892546256BEC5A004184BB /* ActorUpdateView.swift in Sources */ = {isa = PBXBuildFile; fileRef = 61892545256BEC5A004184BB /* ActorUpdateView.swift */; };
		6189254A256BF6CF004184BB /* AddActorView.swift in Sources */ = {isa = PBXBuildFile; fileRef = 61892549256BF6CF004184BB /* AddActorView.swift */; };
		6189254D256BFBD2004184BB /* SceneUpdateView.swift in Sources */ = {isa = PBXBuildFile; fileRef = 6189254C256BFBD2004184BB /* SceneUpdateView.swift */; };
		61892550256BFCDE004184BB /* AddSceneView.swift in Sources */ = {isa = PBXBuildFile; fileRef = 6189254F256BFCDE004184BB /* AddSceneView.swift */; };
		6189269F257EC9B2004184BB /* SceneDetailView.swift in Sources */ = {isa = PBXBuildFile; fileRef = 6189269E257EC9B2004184BB /* SceneDetailView.swift */; };
		618926A2257ECFD4004184BB /* SceneActorDetailView.swift in Sources */ = {isa = PBXBuildFile; fileRef = 618926A1257ECFD4004184BB /* SceneActorDetailView.swift */; };
		618926A6257ED4E0004184BB /* TextView.swift in Sources */ = {isa = PBXBuildFile; fileRef = 618926A5257ED4E0004184BB /* TextView.swift */; };
		618926AA257EF110004184BB /* SceneActorShareView.swift in Sources */ = {isa = PBXBuildFile; fileRef = 618926A9257EF110004184BB /* SceneActorShareView.swift */; };
		618926B9257F08F2004184BB /* ProjectListView.swift in Sources */ = {isa = PBXBuildFile; fileRef = 618926B8257F08F2004184BB /* ProjectListView.swift */; };
		618926C0257F0BA3004184BB /* MultipleSelectionRow.swift in Sources */ = {isa = PBXBuildFile; fileRef = 618926BF257F0BA3004184BB /* MultipleSelectionRow.swift */; };
		618926C5257F0D6F004184BB /* EmptyIconView.swift in Sources */ = {isa = PBXBuildFile; fileRef = 618926C4257F0D6F004184BB /* EmptyIconView.swift */; };
		61899F9225EC95C300618871 /* ScriptSceneUpdateView.swift in Sources */ = {isa = PBXBuildFile; fileRef = 61899F9125EC95C300618871 /* ScriptSceneUpdateView.swift */; };
		61899F9625ED83AC00618871 /* MessagesView.swift in Sources */ = {isa = PBXBuildFile; fileRef = 61899F9525ED83AC00618871 /* MessagesView.swift */; };
		618B690625CC91EA00B7968A /* FilePickerView.swift in Sources */ = {isa = PBXBuildFile; fileRef = 618B690525CC91EA00B7968A /* FilePickerView.swift */; };
		618B690D25CE1E7B00B7968A /* WatermarkView.swift in Sources */ = {isa = PBXBuildFile; fileRef = 618B690C25CE1E7A00B7968A /* WatermarkView.swift */; };
		618B691025CF587700B7968A /* UIImage+Extensions.swift in Sources */ = {isa = PBXBuildFile; fileRef = 618B690F25CF587700B7968A /* UIImage+Extensions.swift */; };
		6197AE3A25DDF8EB0002D6DC /* ActorSizeChartView.swift in Sources */ = {isa = PBXBuildFile; fileRef = 6197AE3925DDF8EB0002D6DC /* ActorSizeChartView.swift */; };
		6197AE3D25DE08CC0002D6DC /* ActorSize.swift in Sources */ = {isa = PBXBuildFile; fileRef = 6197AE3C25DE08CC0002D6DC /* ActorSize.swift */; };
		61A9999025B2461100049DAA /* UpdateSceneActorListView.swift in Sources */ = {isa = PBXBuildFile; fileRef = 61A9998F25B2461100049DAA /* UpdateSceneActorListView.swift */; };
		61A9999325B874E900049DAA /* SceneImageListView.swift in Sources */ = {isa = PBXBuildFile; fileRef = 61A9999225B874E800049DAA /* SceneImageListView.swift */; };
		61AAC2432665F564000E0E46 /* ImageCache.swift in Sources */ = {isa = PBXBuildFile; fileRef = 61AAC23F2665F563000E0E46 /* ImageCache.swift */; };
		61AAC2442665F564000E0E46 /* ImageLoader.swift in Sources */ = {isa = PBXBuildFile; fileRef = 61AAC2402665F563000E0E46 /* ImageLoader.swift */; };
		61AAC2452665F564000E0E46 /* AsyncImage.swift in Sources */ = {isa = PBXBuildFile; fileRef = 61AAC2412665F563000E0E46 /* AsyncImage.swift */; };
		61AAC2462665F564000E0E46 /* EnvironmentValues+ImageCache.swift in Sources */ = {isa = PBXBuildFile; fileRef = 61AAC2422665F564000E0E46 /* EnvironmentValues+ImageCache.swift */; };
		61AAC2482667CC5C000E0E46 /* MapView.swift in Sources */ = {isa = PBXBuildFile; fileRef = 61AAC2472667CC5B000E0E46 /* MapView.swift */; };
		61B8A49525AD338D0010FD75 /* DateStyle.swift in Sources */ = {isa = PBXBuildFile; fileRef = 61B8A49425AD338D0010FD75 /* DateStyle.swift */; };
		61B8A49825AD37A90010FD75 /* UpdateImageView.swift in Sources */ = {isa = PBXBuildFile; fileRef = 61B8A49725AD37A90010FD75 /* UpdateImageView.swift */; };
		61B8A49B25AD67B90010FD75 /* SceneActor.swift in Sources */ = {isa = PBXBuildFile; fileRef = 61B8A49A25AD67B90010FD75 /* SceneActor.swift */; };
		61C6460F2563148D0056D528 /* GoogleLoginButton.swift in Sources */ = {isa = PBXBuildFile; fileRef = 61C6460E2563148D0056D528 /* GoogleLoginButton.swift */; };
		61D310F325ACA9E30031FE91 /* ActorProfileView.swift in Sources */ = {isa = PBXBuildFile; fileRef = 61D310F225ACA9E30031FE91 /* ActorProfileView.swift */; };
		61D310F625ACAA870031FE91 /* SheetState.swift in Sources */ = {isa = PBXBuildFile; fileRef = 61D310F525ACAA870031FE91 /* SheetState.swift */; };
		61D310F925ACAB060031FE91 /* Actor.swift in Sources */ = {isa = PBXBuildFile; fileRef = 61D310F825ACAB060031FE91 /* Actor.swift */; };
		61D310FC25ACAD250031FE91 /* LoadingViews.swift in Sources */ = {isa = PBXBuildFile; fileRef = 61D310FB25ACAD250031FE91 /* LoadingViews.swift */; };
		61D3110025ACB4080031FE91 /* IGView.swift in Sources */ = {isa = PBXBuildFile; fileRef = 61D310FF25ACB4080031FE91 /* IGView.swift */; };
		61D3110325ACB6540031FE91 /* ActorLook.swift in Sources */ = {isa = PBXBuildFile; fileRef = 61D3110225ACB6540031FE91 /* ActorLook.swift */; };
		61D3110625ACBF100031FE91 /* ActorLookView.swift in Sources */ = {isa = PBXBuildFile; fileRef = 61D3110525ACBF100031FE91 /* ActorLookView.swift */; };
		61D3110925ACD8F50031FE91 /* FormTextFieldView.swift in Sources */ = {isa = PBXBuildFile; fileRef = 61D3110825ACD8F50031FE91 /* FormTextFieldView.swift */; };
		61D3110D25ACDF2C0031FE91 /* Project.swift in Sources */ = {isa = PBXBuildFile; fileRef = 61D3110C25ACDF2C0031FE91 /* Project.swift */; };
		61D3111025ACE0F00031FE91 /* FirebaseObjectable.swift in Sources */ = {isa = PBXBuildFile; fileRef = 61D3110F25ACE0F00031FE91 /* FirebaseObjectable.swift */; };
		61D3111325ACE2EA0031FE91 /* MovieScene.swift in Sources */ = {isa = PBXBuildFile; fileRef = 61D3111225ACE2EA0031FE91 /* MovieScene.swift */; };
		61D3111625ACE6D10031FE91 /* ProjectUser.swift in Sources */ = {isa = PBXBuildFile; fileRef = 61D3111525ACE6D10031FE91 /* ProjectUser.swift */; };
		61D3111C25AD0CA60031FE91 /* UpdateActorLookView.swift in Sources */ = {isa = PBXBuildFile; fileRef = 61D3111B25AD0CA60031FE91 /* UpdateActorLookView.swift */; };
		61D3111F25AD0DAE0031FE91 /* Note.swift in Sources */ = {isa = PBXBuildFile; fileRef = 61D3111E25AD0DAE0031FE91 /* Note.swift */; };
		61D435BF25C90C9200FDF8E6 /* LoadingView.swift in Sources */ = {isa = PBXBuildFile; fileRef = 61D435BE25C90C9200FDF8E6 /* LoadingView.swift */; };
		61DEFFB825FBBD6A0009C375 /* MessageListView.swift in Sources */ = {isa = PBXBuildFile; fileRef = 61DEFFB725FBBD6A0009C375 /* MessageListView.swift */; };
		61DEFFBB25FBC3D50009C375 /* Date+Extensions.swift in Sources */ = {isa = PBXBuildFile; fileRef = 61DEFFBA25FBC3D50009C375 /* Date+Extensions.swift */; };
		61DEFFDF25FBFC580009C375 /* NewMessageView.swift in Sources */ = {isa = PBXBuildFile; fileRef = 61DEFFDE25FBFC580009C375 /* NewMessageView.swift */; };
		61DF1BBF258881DB005BDA1D /* ProjectViewModel.swift in Sources */ = {isa = PBXBuildFile; fileRef = 61DF1BBE258881DB005BDA1D /* ProjectViewModel.swift */; };
		61DF1BC6258915A3005BDA1D /* AddProjectView.swift in Sources */ = {isa = PBXBuildFile; fileRef = 61DF1BC5258915A3005BDA1D /* AddProjectView.swift */; };
		61DF1BCA258922B9005BDA1D /* ProjectDetailView.swift in Sources */ = {isa = PBXBuildFile; fileRef = 61DF1BC9258922B9005BDA1D /* ProjectDetailView.swift */; };
		61DF1BCE25894D2E005BDA1D /* AddSceneActorView.swift in Sources */ = {isa = PBXBuildFile; fileRef = 61DF1BCD25894D2E005BDA1D /* AddSceneActorView.swift */; };
		61F5E6E9259BB10300263C46 /* ActorDetailView.swift in Sources */ = {isa = PBXBuildFile; fileRef = 61F5E6E8259BB10300263C46 /* ActorDetailView.swift */; };
/* End PBXBuildFile section */

/* Begin PBXCopyFilesBuildPhase section */
		611DD3A925C22C900013FD05 /* Embed App Extensions */ = {
			isa = PBXCopyFilesBuildPhase;
			buildActionMask = 2147483647;
			dstPath = "";
			dstSubfolderSpec = 13;
			files = (
			);
			name = "Embed App Extensions";
			runOnlyForDeploymentPostprocessing = 0;
		};
/* End PBXCopyFilesBuildPhase section */

/* Begin PBXFileReference section */
		6102B19325F9B1D400322777 /* BulkImageUploadView.swift */ = {isa = PBXFileReference; lastKnownFileType = sourcecode.swift; path = BulkImageUploadView.swift; sourceTree = "<group>"; };
		6102B19625F9BBA300322777 /* ActorListView.swift */ = {isa = PBXFileReference; lastKnownFileType = sourcecode.swift; path = ActorListView.swift; sourceTree = "<group>"; };
		6102B19925FAF5DD00322777 /* PushManager.swift */ = {isa = PBXFileReference; lastKnownFileType = sourcecode.swift; path = PushManager.swift; sourceTree = "<group>"; };
		611DD28925B8F1340013FD05 /* StackedImageView.swift */ = {isa = PBXFileReference; lastKnownFileType = sourcecode.swift; path = StackedImageView.swift; sourceTree = "<group>"; };
		611DD28D25B9D7220013FD05 /* View+Extensions.swift */ = {isa = PBXFileReference; lastKnownFileType = sourcecode.swift; path = "View+Extensions.swift"; sourceTree = "<group>"; };
		611DD29125B9D7A40013FD05 /* HapticTestView.swift */ = {isa = PBXFileReference; lastKnownFileType = sourcecode.swift; path = HapticTestView.swift; sourceTree = "<group>"; };
		611DD37E25C1CF030013FD05 /* BackgroundView.swift */ = {isa = PBXFileReference; lastKnownFileType = sourcecode.swift; path = BackgroundView.swift; sourceTree = "<group>"; };
		611DD38125C1D7760013FD05 /* SlantedBackgroundView.swift */ = {isa = PBXFileReference; lastKnownFileType = sourcecode.swift; path = SlantedBackgroundView.swift; sourceTree = "<group>"; };
		611DD38A25C207880013FD05 /* ScriptView.swift */ = {isa = PBXFileReference; lastKnownFileType = sourcecode.swift; path = ScriptView.swift; sourceTree = "<group>"; };
		611DD3CE25C33A780013FD05 /* File.swift */ = {isa = PBXFileReference; lastKnownFileType = sourcecode.swift; path = File.swift; sourceTree = "<group>"; };
		61312A17259D215B0057CA6B /* HUDViews.swift */ = {isa = PBXFileReference; lastKnownFileType = sourcecode.swift; path = HUDViews.swift; sourceTree = "<group>"; };
		61312A1C259D550F0057CA6B /* ImageEditView.swift */ = {isa = PBXFileReference; lastKnownFileType = sourcecode.swift; path = ImageEditView.swift; sourceTree = "<group>"; };
		61312A20259D59120057CA6B /* SceneListView.swift */ = {isa = PBXFileReference; lastKnownFileType = sourcecode.swift; path = SceneListView.swift; sourceTree = "<group>"; };
		61312A24259E83640057CA6B /* ImageOverLayView.swift */ = {isa = PBXFileReference; lastKnownFileType = sourcecode.swift; path = ImageOverLayView.swift; sourceTree = "<group>"; };
		61312A27259E940C0057CA6B /* ImageActorView.swift */ = {isa = PBXFileReference; lastKnownFileType = sourcecode.swift; path = ImageActorView.swift; sourceTree = "<group>"; };
		613979C225A4E53600498E81 /* EditNoteView.swift */ = {isa = PBXFileReference; lastKnownFileType = sourcecode.swift; path = EditNoteView.swift; sourceTree = "<group>"; };
		61397AD325AC8CBF00498E81 /* ImageTextRowView.swift */ = {isa = PBXFileReference; lastKnownFileType = sourcecode.swift; path = ImageTextRowView.swift; sourceTree = "<group>"; };
		614DA5CD25EC4E7900E861A0 /* ProjectAdminView.swift */ = {isa = PBXFileReference; lastKnownFileType = sourcecode.swift; path = ProjectAdminView.swift; sourceTree = "<group>"; };
		616D0D772560C7150007F798 /* Scene Me.app */ = {isa = PBXFileReference; explicitFileType = wrapper.application; includeInIndex = 0; path = "Scene Me.app"; sourceTree = BUILT_PRODUCTS_DIR; };
		616D0D7A2560C7150007F798 /* StyleApp.swift */ = {isa = PBXFileReference; lastKnownFileType = sourcecode.swift; path = StyleApp.swift; sourceTree = "<group>"; };
		616D0D7C2560C7150007F798 /* ContentView.swift */ = {isa = PBXFileReference; lastKnownFileType = sourcecode.swift; path = ContentView.swift; sourceTree = "<group>"; };
		616D0D7E2560C7160007F798 /* Assets.xcassets */ = {isa = PBXFileReference; lastKnownFileType = folder.assetcatalog; path = Assets.xcassets; sourceTree = "<group>"; };
		616D0D812560C7160007F798 /* Preview Assets.xcassets */ = {isa = PBXFileReference; lastKnownFileType = folder.assetcatalog; path = "Preview Assets.xcassets"; sourceTree = "<group>"; };
		616D0D832560C7160007F798 /* Persistence.swift */ = {isa = PBXFileReference; lastKnownFileType = sourcecode.swift; path = Persistence.swift; sourceTree = "<group>"; };
		616D0D862560C7160007F798 /* Style.xcdatamodel */ = {isa = PBXFileReference; lastKnownFileType = wrapper.xcdatamodel; path = Style.xcdatamodel; sourceTree = "<group>"; };
		616D0D882560C7160007F798 /* Info.plist */ = {isa = PBXFileReference; lastKnownFileType = text.plist.xml; path = Info.plist; sourceTree = "<group>"; };
		616D0DA12560CCAB0007F798 /* GoogleService-Info.plist */ = {isa = PBXFileReference; fileEncoding = 4; lastKnownFileType = text.plist.xml; path = "GoogleService-Info.plist"; sourceTree = "<group>"; };
		616D0DA42560CD9E0007F798 /* AppDelegate.swift */ = {isa = PBXFileReference; lastKnownFileType = sourcecode.swift; path = AppDelegate.swift; sourceTree = "<group>"; };
		616D0DAC2560D0900007F798 /* SessionStore.swift */ = {isa = PBXFileReference; lastKnownFileType = sourcecode.swift; path = SessionStore.swift; sourceTree = "<group>"; };
		616D0DAF2560D6E10007F798 /* AuthView.swift */ = {isa = PBXFileReference; lastKnownFileType = sourcecode.swift; path = AuthView.swift; sourceTree = "<group>"; };
		616DDFD9264F33E700FC859B /* TabBarView.swift */ = {isa = PBXFileReference; lastKnownFileType = sourcecode.swift; path = TabBarView.swift; sourceTree = "<group>"; };
		616DDFDB264F352E00FC859B /* GalleryView.swift */ = {isa = PBXFileReference; lastKnownFileType = sourcecode.swift; path = GalleryView.swift; sourceTree = "<group>"; };
		616DDFE0264F695300FC859B /* TokenSearchBar.swift */ = {isa = PBXFileReference; lastKnownFileType = sourcecode.swift; path = TokenSearchBar.swift; sourceTree = "<group>"; };
		616DDFE2264F819400FC859B /* ViewControllerResolver.swift */ = {isa = PBXFileReference; fileEncoding = 4; lastKnownFileType = sourcecode.swift; path = ViewControllerResolver.swift; sourceTree = "<group>"; };
		616DDFE3264F819400FC859B /* SearchBar.swift */ = {isa = PBXFileReference; fileEncoding = 4; lastKnownFileType = sourcecode.swift; path = SearchBar.swift; sourceTree = "<group>"; };
		616DDFE6264FB27700FC859B /* ActorView.swift */ = {isa = PBXFileReference; lastKnownFileType = sourcecode.swift; path = ActorView.swift; sourceTree = "<group>"; };
		616DDFE8264FB2C300FC859B /* SceneView.swift */ = {isa = PBXFileReference; lastKnownFileType = sourcecode.swift; path = SceneView.swift; sourceTree = "<group>"; };
		616DDFEA264FB2D900FC859B /* NoteListView.swift */ = {isa = PBXFileReference; lastKnownFileType = sourcecode.swift; path = NoteListView.swift; sourceTree = "<group>"; };
		616DDFEC2653462300FC859B /* SideBarView.swift */ = {isa = PBXFileReference; lastKnownFileType = sourcecode.swift; path = SideBarView.swift; sourceTree = "<group>"; };
		616DDFEE265348AF00FC859B /* MainView.swift */ = {isa = PBXFileReference; lastKnownFileType = sourcecode.swift; path = MainView.swift; sourceTree = "<group>"; };
		61756E0B263C7BD10049BE73 /* ProjectListRow.swift */ = {isa = PBXFileReference; lastKnownFileType = sourcecode.swift; path = ProjectListRow.swift; sourceTree = "<group>"; };
		6181707525621C8E0008ED28 /* FBLoginButton.swift */ = {isa = PBXFileReference; lastKnownFileType = sourcecode.swift; path = FBLoginButton.swift; sourceTree = "<group>"; };
		618923DD256335DF004184BB /* AppleLoginButton.swift */ = {isa = PBXFileReference; lastKnownFileType = sourcecode.swift; path = AppleLoginButton.swift; sourceTree = "<group>"; };
		618923E12563515F004184BB /* LoginViewModel.swift */ = {isa = PBXFileReference; lastKnownFileType = sourcecode.swift; path = LoginViewModel.swift; sourceTree = "<group>"; };
		618923E4256353C4004184BB /* Style.entitlements */ = {isa = PBXFileReference; lastKnownFileType = text.plist.entitlements; path = Style.entitlements; sourceTree = "<group>"; };
		618923F925636F7A004184BB /* UIPlayerView.swift */ = {isa = PBXFileReference; fileEncoding = 4; lastKnownFileType = sourcecode.swift; path = UIPlayerView.swift; sourceTree = "<group>"; };
		618923FC25637280004184BB /* wardrobe_video_bk.mov */ = {isa = PBXFileReference; lastKnownFileType = video.quicktime; path = wardrobe_video_bk.mov; sourceTree = "<group>"; };
		618923FF25637502004184BB /* video_bk.mp4 */ = {isa = PBXFileReference; lastKnownFileType = file; path = video_bk.mp4; sourceTree = "<group>"; };
		618924012563758E004184BB /* video_bk.mov */ = {isa = PBXFileReference; lastKnownFileType = video.quicktime; path = video_bk.mov; sourceTree = "<group>"; };
		61892539256BE1E2004184BB /* UserUpdateView.swift */ = {isa = PBXFileReference; lastKnownFileType = sourcecode.swift; path = UserUpdateView.swift; sourceTree = "<group>"; };
		6189253C256BE56E004184BB /* ImagePicker.swift */ = {isa = PBXFileReference; lastKnownFileType = sourcecode.swift; path = ImagePicker.swift; sourceTree = "<group>"; };
		61892542256BE988004184BB /* ViewModifiers.swift */ = {isa = PBXFileReference; lastKnownFileType = sourcecode.swift; path = ViewModifiers.swift; sourceTree = "<group>"; };
		61892545256BEC5A004184BB /* ActorUpdateView.swift */ = {isa = PBXFileReference; lastKnownFileType = sourcecode.swift; path = ActorUpdateView.swift; sourceTree = "<group>"; };
		61892549256BF6CF004184BB /* AddActorView.swift */ = {isa = PBXFileReference; lastKnownFileType = sourcecode.swift; path = AddActorView.swift; sourceTree = "<group>"; };
		6189254C256BFBD2004184BB /* SceneUpdateView.swift */ = {isa = PBXFileReference; lastKnownFileType = sourcecode.swift; path = SceneUpdateView.swift; sourceTree = "<group>"; };
		6189254F256BFCDE004184BB /* AddSceneView.swift */ = {isa = PBXFileReference; lastKnownFileType = sourcecode.swift; path = AddSceneView.swift; sourceTree = "<group>"; };
		6189269E257EC9B2004184BB /* SceneDetailView.swift */ = {isa = PBXFileReference; lastKnownFileType = sourcecode.swift; path = SceneDetailView.swift; sourceTree = "<group>"; };
		618926A1257ECFD4004184BB /* SceneActorDetailView.swift */ = {isa = PBXFileReference; lastKnownFileType = sourcecode.swift; path = SceneActorDetailView.swift; sourceTree = "<group>"; };
		618926A5257ED4E0004184BB /* TextView.swift */ = {isa = PBXFileReference; lastKnownFileType = sourcecode.swift; path = TextView.swift; sourceTree = "<group>"; };
		618926A9257EF110004184BB /* SceneActorShareView.swift */ = {isa = PBXFileReference; lastKnownFileType = sourcecode.swift; path = SceneActorShareView.swift; sourceTree = "<group>"; };
		618926B8257F08F2004184BB /* ProjectListView.swift */ = {isa = PBXFileReference; lastKnownFileType = sourcecode.swift; path = ProjectListView.swift; sourceTree = "<group>"; };
		618926BF257F0BA3004184BB /* MultipleSelectionRow.swift */ = {isa = PBXFileReference; lastKnownFileType = sourcecode.swift; path = MultipleSelectionRow.swift; sourceTree = "<group>"; };
		618926C4257F0D6F004184BB /* EmptyIconView.swift */ = {isa = PBXFileReference; lastKnownFileType = sourcecode.swift; path = EmptyIconView.swift; sourceTree = "<group>"; };
		61899F9125EC95C300618871 /* ScriptSceneUpdateView.swift */ = {isa = PBXFileReference; lastKnownFileType = sourcecode.swift; path = ScriptSceneUpdateView.swift; sourceTree = "<group>"; };
		61899F9525ED83AC00618871 /* MessagesView.swift */ = {isa = PBXFileReference; lastKnownFileType = sourcecode.swift; path = MessagesView.swift; sourceTree = "<group>"; };
		618B690525CC91EA00B7968A /* FilePickerView.swift */ = {isa = PBXFileReference; lastKnownFileType = sourcecode.swift; path = FilePickerView.swift; sourceTree = "<group>"; };
		618B690C25CE1E7A00B7968A /* WatermarkView.swift */ = {isa = PBXFileReference; lastKnownFileType = sourcecode.swift; path = WatermarkView.swift; sourceTree = "<group>"; };
		618B690F25CF587700B7968A /* UIImage+Extensions.swift */ = {isa = PBXFileReference; lastKnownFileType = sourcecode.swift; path = "UIImage+Extensions.swift"; sourceTree = "<group>"; };
		6197AE3925DDF8EB0002D6DC /* ActorSizeChartView.swift */ = {isa = PBXFileReference; lastKnownFileType = sourcecode.swift; path = ActorSizeChartView.swift; sourceTree = "<group>"; };
		6197AE3C25DE08CC0002D6DC /* ActorSize.swift */ = {isa = PBXFileReference; lastKnownFileType = sourcecode.swift; path = ActorSize.swift; sourceTree = "<group>"; };
		61A9998F25B2461100049DAA /* UpdateSceneActorListView.swift */ = {isa = PBXFileReference; lastKnownFileType = sourcecode.swift; path = UpdateSceneActorListView.swift; sourceTree = "<group>"; };
		61A9999225B874E800049DAA /* SceneImageListView.swift */ = {isa = PBXFileReference; lastKnownFileType = sourcecode.swift; path = SceneImageListView.swift; sourceTree = "<group>"; };
		61AAC23F2665F563000E0E46 /* ImageCache.swift */ = {isa = PBXFileReference; fileEncoding = 4; lastKnownFileType = sourcecode.swift; path = ImageCache.swift; sourceTree = "<group>"; };
		61AAC2402665F563000E0E46 /* ImageLoader.swift */ = {isa = PBXFileReference; fileEncoding = 4; lastKnownFileType = sourcecode.swift; path = ImageLoader.swift; sourceTree = "<group>"; };
		61AAC2412665F563000E0E46 /* AsyncImage.swift */ = {isa = PBXFileReference; fileEncoding = 4; lastKnownFileType = sourcecode.swift; path = AsyncImage.swift; sourceTree = "<group>"; };
		61AAC2422665F564000E0E46 /* EnvironmentValues+ImageCache.swift */ = {isa = PBXFileReference; fileEncoding = 4; lastKnownFileType = sourcecode.swift; path = "EnvironmentValues+ImageCache.swift"; sourceTree = "<group>"; };
		61AAC2472667CC5B000E0E46 /* MapView.swift */ = {isa = PBXFileReference; lastKnownFileType = sourcecode.swift; path = MapView.swift; sourceTree = "<group>"; };
		61B8A49425AD338D0010FD75 /* DateStyle.swift */ = {isa = PBXFileReference; fileEncoding = 4; lastKnownFileType = sourcecode.swift; path = DateStyle.swift; sourceTree = "<group>"; };
		61B8A49725AD37A90010FD75 /* UpdateImageView.swift */ = {isa = PBXFileReference; lastKnownFileType = sourcecode.swift; path = UpdateImageView.swift; sourceTree = "<group>"; };
		61B8A49A25AD67B90010FD75 /* SceneActor.swift */ = {isa = PBXFileReference; lastKnownFileType = sourcecode.swift; path = SceneActor.swift; sourceTree = "<group>"; };
		61C6460E2563148D0056D528 /* GoogleLoginButton.swift */ = {isa = PBXFileReference; lastKnownFileType = sourcecode.swift; path = GoogleLoginButton.swift; sourceTree = "<group>"; };
		61D310F225ACA9E30031FE91 /* ActorProfileView.swift */ = {isa = PBXFileReference; lastKnownFileType = sourcecode.swift; path = ActorProfileView.swift; sourceTree = "<group>"; };
		61D310F525ACAA870031FE91 /* SheetState.swift */ = {isa = PBXFileReference; lastKnownFileType = sourcecode.swift; path = SheetState.swift; sourceTree = "<group>"; };
		61D310F825ACAB060031FE91 /* Actor.swift */ = {isa = PBXFileReference; lastKnownFileType = sourcecode.swift; path = Actor.swift; sourceTree = "<group>"; };
		61D310FB25ACAD250031FE91 /* LoadingViews.swift */ = {isa = PBXFileReference; lastKnownFileType = sourcecode.swift; path = LoadingViews.swift; sourceTree = "<group>"; };
		61D310FF25ACB4080031FE91 /* IGView.swift */ = {isa = PBXFileReference; lastKnownFileType = sourcecode.swift; path = IGView.swift; sourceTree = "<group>"; };
		61D3110225ACB6540031FE91 /* ActorLook.swift */ = {isa = PBXFileReference; lastKnownFileType = sourcecode.swift; path = ActorLook.swift; sourceTree = "<group>"; };
		61D3110525ACBF100031FE91 /* ActorLookView.swift */ = {isa = PBXFileReference; lastKnownFileType = sourcecode.swift; path = ActorLookView.swift; sourceTree = "<group>"; };
		61D3110825ACD8F50031FE91 /* FormTextFieldView.swift */ = {isa = PBXFileReference; lastKnownFileType = sourcecode.swift; path = FormTextFieldView.swift; sourceTree = "<group>"; };
		61D3110C25ACDF2C0031FE91 /* Project.swift */ = {isa = PBXFileReference; lastKnownFileType = sourcecode.swift; path = Project.swift; sourceTree = "<group>"; };
		61D3110F25ACE0F00031FE91 /* FirebaseObjectable.swift */ = {isa = PBXFileReference; lastKnownFileType = sourcecode.swift; path = FirebaseObjectable.swift; sourceTree = "<group>"; };
		61D3111225ACE2EA0031FE91 /* MovieScene.swift */ = {isa = PBXFileReference; lastKnownFileType = sourcecode.swift; path = MovieScene.swift; sourceTree = "<group>"; };
		61D3111525ACE6D10031FE91 /* ProjectUser.swift */ = {isa = PBXFileReference; lastKnownFileType = sourcecode.swift; path = ProjectUser.swift; sourceTree = "<group>"; };
		61D3111B25AD0CA60031FE91 /* UpdateActorLookView.swift */ = {isa = PBXFileReference; lastKnownFileType = sourcecode.swift; path = UpdateActorLookView.swift; sourceTree = "<group>"; };
		61D3111E25AD0DAE0031FE91 /* Note.swift */ = {isa = PBXFileReference; lastKnownFileType = sourcecode.swift; path = Note.swift; sourceTree = "<group>"; };
		61D435BE25C90C9200FDF8E6 /* LoadingView.swift */ = {isa = PBXFileReference; lastKnownFileType = sourcecode.swift; path = LoadingView.swift; sourceTree = "<group>"; };
		61DEFFB725FBBD6A0009C375 /* MessageListView.swift */ = {isa = PBXFileReference; lastKnownFileType = sourcecode.swift; path = MessageListView.swift; sourceTree = "<group>"; };
		61DEFFBA25FBC3D50009C375 /* Date+Extensions.swift */ = {isa = PBXFileReference; lastKnownFileType = sourcecode.swift; path = "Date+Extensions.swift"; sourceTree = "<group>"; };
		61DEFFDE25FBFC580009C375 /* NewMessageView.swift */ = {isa = PBXFileReference; lastKnownFileType = sourcecode.swift; path = NewMessageView.swift; sourceTree = "<group>"; };
		61DF1BBE258881DB005BDA1D /* ProjectViewModel.swift */ = {isa = PBXFileReference; lastKnownFileType = sourcecode.swift; path = ProjectViewModel.swift; sourceTree = "<group>"; };
		61DF1BC5258915A3005BDA1D /* AddProjectView.swift */ = {isa = PBXFileReference; lastKnownFileType = sourcecode.swift; path = AddProjectView.swift; sourceTree = "<group>"; };
		61DF1BC9258922B9005BDA1D /* ProjectDetailView.swift */ = {isa = PBXFileReference; lastKnownFileType = sourcecode.swift; path = ProjectDetailView.swift; sourceTree = "<group>"; };
		61DF1BCD25894D2E005BDA1D /* AddSceneActorView.swift */ = {isa = PBXFileReference; lastKnownFileType = sourcecode.swift; path = AddSceneActorView.swift; sourceTree = "<group>"; };
		61F5E6E8259BB10300263C46 /* ActorDetailView.swift */ = {isa = PBXFileReference; lastKnownFileType = sourcecode.swift; path = ActorDetailView.swift; sourceTree = "<group>"; };
/* End PBXFileReference section */

/* Begin PBXFrameworksBuildPhase section */
		616D0D742560C7150007F798 /* Frameworks */ = {
			isa = PBXFrameworksBuildPhase;
			buildActionMask = 2147483647;
			files = (
				61756E4E263E07670049BE73 /* FirebaseDatabase in Frameworks */,
				61756E51263E40640049BE73 /* AlertToast in Frameworks */,
				61756E30263E01ED0049BE73 /* FirebaseFirestore in Frameworks */,
				616DDFDF264F361200FC859B /* SwiftlySearch in Frameworks */,
				61756E44263E068E0049BE73 /* iPhoneNumberField in Frameworks */,
				61756E4C263E075F0049BE73 /* FirebaseAnalytics in Frameworks */,
				61756E48263E06A90049BE73 /* FirebaseMessaging in Frameworks */,
				61756E46263E06A30049BE73 /* FirebaseInAppMessaging-Beta in Frameworks */,
				61756E32263E01F20049BE73 /* FirebaseFirestoreSwift-Beta in Frameworks */,
				61756E42263E04590049BE73 /* Kingfisher in Frameworks */,
				61756E34263E02030049BE73 /* FacebookLogin in Frameworks */,
				61756E4A263E075A0049BE73 /* FirebaseAuth in Frameworks */,
				61756E38263E03700049BE73 /* FirebaseStorage in Frameworks */,
				61756E36263E02120049BE73 /* FacebookCore in Frameworks */,
				61756E3A263E03760049BE73 /* FirebaseStorageSwift-Beta in Frameworks */,
			);
			runOnlyForDeploymentPostprocessing = 0;
		};
/* End PBXFrameworksBuildPhase section */

/* Begin PBXGroup section */
		611DD28C25B9D7000013FD05 /* Extensions */ = {
			isa = PBXGroup;
			children = (
				611DD28D25B9D7220013FD05 /* View+Extensions.swift */,
				618B690F25CF587700B7968A /* UIImage+Extensions.swift */,
				61DEFFBA25FBC3D50009C375 /* Date+Extensions.swift */,
			);
			path = Extensions;
			sourceTree = "<group>";
		};
		61397ACA25ABEEA800498E81 /* Protocols */ = {
			isa = PBXGroup;
			children = (
				61D3110F25ACE0F00031FE91 /* FirebaseObjectable.swift */,
			);
			path = Protocols;
			sourceTree = "<group>";
		};
		61397ACC25AC899B00498E81 /* Signin */ = {
			isa = PBXGroup;
			children = (
				616D0D7C2560C7150007F798 /* ContentView.swift */,
				616D0DAF2560D6E10007F798 /* AuthView.swift */,
				61892539256BE1E2004184BB /* UserUpdateView.swift */,
			);
			path = Signin;
			sourceTree = "<group>";
		};
		61397ACD25AC89A400498E81 /* Projects */ = {
			isa = PBXGroup;
			children = (
				61DF1BC5258915A3005BDA1D /* AddProjectView.swift */,
				614DA5CD25EC4E7900E861A0 /* ProjectAdminView.swift */,
				61DF1BC9258922B9005BDA1D /* ProjectDetailView.swift */,
				618926B8257F08F2004184BB /* ProjectListView.swift */,
			);
			path = Projects;
			sourceTree = "<group>";
		};
		61397ACE25AC89B600498E81 /* Actors */ = {
			isa = PBXGroup;
			children = (
				61F5E6E8259BB10300263C46 /* ActorDetailView.swift */,
				61D310F225ACA9E30031FE91 /* ActorProfileView.swift */,
				613979C225A4E53600498E81 /* EditNoteView.swift */,
				61892545256BEC5A004184BB /* ActorUpdateView.swift */,
				61892549256BF6CF004184BB /* AddActorView.swift */,
				61D3110525ACBF100031FE91 /* ActorLookView.swift */,
				61D3111B25AD0CA60031FE91 /* UpdateActorLookView.swift */,
				6197AE3925DDF8EB0002D6DC /* ActorSizeChartView.swift */,
				6102B19625F9BBA300322777 /* ActorListView.swift */,
			);
			path = Actors;
			sourceTree = "<group>";
		};
		61397ACF25AC89C500498E81 /* Scene Actors */ = {
			isa = PBXGroup;
			children = (
				618926A1257ECFD4004184BB /* SceneActorDetailView.swift */,
				61DF1BCD25894D2E005BDA1D /* AddSceneActorView.swift */,
				618926A9257EF110004184BB /* SceneActorShareView.swift */,
			);
			path = "Scene Actors";
			sourceTree = "<group>";
		};
		61397AD025AC89DF00498E81 /* Scenes */ = {
			isa = PBXGroup;
			children = (
				61312A20259D59120057CA6B /* SceneListView.swift */,
				6189254C256BFBD2004184BB /* SceneUpdateView.swift */,
				6189254F256BFCDE004184BB /* AddSceneView.swift */,
				6189269E257EC9B2004184BB /* SceneDetailView.swift */,
				61A9998F25B2461100049DAA /* UpdateSceneActorListView.swift */,
				61A9999225B874E800049DAA /* SceneImageListView.swift */,
			);
			path = Scenes;
			sourceTree = "<group>";
		};
		616D0D6E2560C7150007F798 = {
			isa = PBXGroup;
			children = (
				616D0D792560C7150007F798 /* Style */,
				616D0D782560C7150007F798 /* Products */,
				61756E2E263E01ED0049BE73 /* Frameworks */,
			);
			sourceTree = "<group>";
		};
		616D0D782560C7150007F798 /* Products */ = {
			isa = PBXGroup;
			children = (
				616D0D772560C7150007F798 /* Scene Me.app */,
			);
			name = Products;
			sourceTree = "<group>";
		};
		616D0D792560C7150007F798 /* Style */ = {
			isa = PBXGroup;
			children = (
				616D0D7A2560C7150007F798 /* StyleApp.swift */,
				616D0DA42560CD9E0007F798 /* AppDelegate.swift */,
				616D0D882560C7160007F798 /* Info.plist */,
				618923E4256353C4004184BB /* Style.entitlements */,
				616D0D852560C7160007F798 /* Style.xcdatamodeld */,
				616D0DA12560CCAB0007F798 /* GoogleService-Info.plist */,
				618926B4257F0734004184BB /* Media */,
				611DD28C25B9D7000013FD05 /* Extensions */,
				618926BC257F0AB6004184BB /* Objects */,
				618926AE257F0676004184BB /* Resources */,
				618926AC257F065F004184BB /* Models */,
				61D3111825ACE6F60031FE91 /* ViewModels */,
				618926AD257F066B004184BB /* UIKit */,
				61397ACA25ABEEA800498E81 /* Protocols */,
				618926B0257F06C4004184BB /* ViewModifiers */,
				618926AF257F0690004184BB /* Views */,
				616D0D7E2560C7160007F798 /* Assets.xcassets */,
				616D0D832560C7160007F798 /* Persistence.swift */,
				616D0D802560C7160007F798 /* Preview Content */,
			);
			path = Style;
			sourceTree = "<group>";
		};
		616D0D802560C7160007F798 /* Preview Content */ = {
			isa = PBXGroup;
			children = (
				616D0D812560C7160007F798 /* Preview Assets.xcassets */,
			);
			path = "Preview Content";
			sourceTree = "<group>";
		};
		61756E08263C7B400049BE73 /* App Flow 2 */ = {
			isa = PBXGroup;
			children = (
				61756E0B263C7BD10049BE73 /* ProjectListRow.swift */,
				616DDFEE265348AF00FC859B /* MainView.swift */,
				616DDFD9264F33E700FC859B /* TabBarView.swift */,
				616DDFEC2653462300FC859B /* SideBarView.swift */,
				616DDFDB264F352E00FC859B /* GalleryView.swift */,
				616DDFE6264FB27700FC859B /* ActorView.swift */,
				616DDFE8264FB2C300FC859B /* SceneView.swift */,
				616DDFEA264FB2D900FC859B /* NoteListView.swift */,
				61AAC2472667CC5B000E0E46 /* MapView.swift */,
			);
			path = "App Flow 2";
			sourceTree = "<group>";
		};
		61756E2E263E01ED0049BE73 /* Frameworks */ = {
			isa = PBXGroup;
			children = (
			);
			name = Frameworks;
			sourceTree = "<group>";
		};
		618926AC257F065F004184BB /* Models */ = {
			isa = PBXGroup;
			children = (
				61D310F825ACAB060031FE91 /* Actor.swift */,
				61D3110225ACB6540031FE91 /* ActorLook.swift */,
				61D3110C25ACDF2C0031FE91 /* Project.swift */,
				61D3111225ACE2EA0031FE91 /* MovieScene.swift */,
				61D3111525ACE6D10031FE91 /* ProjectUser.swift */,
				61D3111E25AD0DAE0031FE91 /* Note.swift */,
				61B8A49A25AD67B90010FD75 /* SceneActor.swift */,
				6197AE3C25DE08CC0002D6DC /* ActorSize.swift */,
			);
			path = Models;
			sourceTree = "<group>";
		};
		618926AD257F066B004184BB /* UIKit */ = {
			isa = PBXGroup;
			children = (
				616DDFE3264F819400FC859B /* SearchBar.swift */,
				616DDFE2264F819400FC859B /* ViewControllerResolver.swift */,
				618923F925636F7A004184BB /* UIPlayerView.swift */,
				6189253C256BE56E004184BB /* ImagePicker.swift */,
				618926A5257ED4E0004184BB /* TextView.swift */,
				6181707525621C8E0008ED28 /* FBLoginButton.swift */,
				61C6460E2563148D0056D528 /* GoogleLoginButton.swift */,
				618923DD256335DF004184BB /* AppleLoginButton.swift */,
				618B690525CC91EA00B7968A /* FilePickerView.swift */,
				616DDFE0264F695300FC859B /* TokenSearchBar.swift */,
			);
			path = UIKit;
			sourceTree = "<group>";
		};
		618926AE257F0676004184BB /* Resources */ = {
			isa = PBXGroup;
			children = (
			);
			path = Resources;
			sourceTree = "<group>";
		};
		618926AF257F0690004184BB /* Views */ = {
			isa = PBXGroup;
			children = (
				61756E08263C7B400049BE73 /* App Flow 2 */,
				618926BE257F0B08004184BB /* App Flow */,
				618926BF257F0BA3004184BB /* MultipleSelectionRow.swift */,
				61397AD325AC8CBF00498E81 /* ImageTextRowView.swift */,
				618926C4257F0D6F004184BB /* EmptyIconView.swift */,
				61312A17259D215B0057CA6B /* HUDViews.swift */,
				61312A24259E83640057CA6B /* ImageOverLayView.swift */,
				61312A27259E940C0057CA6B /* ImageActorView.swift */,
				61D310FB25ACAD250031FE91 /* LoadingViews.swift */,
				61D310FF25ACB4080031FE91 /* IGView.swift */,
				61D3110825ACD8F50031FE91 /* FormTextFieldView.swift */,
				61B8A49725AD37A90010FD75 /* UpdateImageView.swift */,
				611DD28925B8F1340013FD05 /* StackedImageView.swift */,
				611DD29125B9D7A40013FD05 /* HapticTestView.swift */,
				611DD37E25C1CF030013FD05 /* BackgroundView.swift */,
				611DD38125C1D7760013FD05 /* SlantedBackgroundView.swift */,
				611DD38A25C207880013FD05 /* ScriptView.swift */,
				61899F9125EC95C300618871 /* ScriptSceneUpdateView.swift */,
				61D435BE25C90C9200FDF8E6 /* LoadingView.swift */,
				618B690C25CE1E7A00B7968A /* WatermarkView.swift */,
				61899F9525ED83AC00618871 /* MessagesView.swift */,
				61AAC2412665F563000E0E46 /* AsyncImage.swift */,
				61AAC2422665F564000E0E46 /* EnvironmentValues+ImageCache.swift */,
				61AAC23F2665F563000E0E46 /* ImageCache.swift */,
				61AAC2402665F563000E0E46 /* ImageLoader.swift */,
			);
			path = Views;
			sourceTree = "<group>";
		};
		618926B0257F06C4004184BB /* ViewModifiers */ = {
			isa = PBXGroup;
			children = (
				61892542256BE988004184BB /* ViewModifiers.swift */,
			);
			path = ViewModifiers;
			sourceTree = "<group>";
		};
		618926B4257F0734004184BB /* Media */ = {
			isa = PBXGroup;
			children = (
				618923FC25637280004184BB /* wardrobe_video_bk.mov */,
				618923FF25637502004184BB /* video_bk.mp4 */,
				618924012563758E004184BB /* video_bk.mov */,
			);
			path = Media;
			sourceTree = "<group>";
		};
		618926BC257F0AB6004184BB /* Objects */ = {
			isa = PBXGroup;
			children = (
				61B8A49425AD338D0010FD75 /* DateStyle.swift */,
				61D310F525ACAA870031FE91 /* SheetState.swift */,
				611DD3CE25C33A780013FD05 /* File.swift */,
				6102B19925FAF5DD00322777 /* PushManager.swift */,
			);
			path = Objects;
			sourceTree = "<group>";
		};
		618926BE257F0B08004184BB /* App Flow */ = {
			isa = PBXGroup;
			children = (
				61DEFFB625FBBD400009C375 /* Messaging */,
				61397ACC25AC899B00498E81 /* Signin */,
				61397ACD25AC89A400498E81 /* Projects */,
				61397ACE25AC89B600498E81 /* Actors */,
				61397AD025AC89DF00498E81 /* Scenes */,
				61397ACF25AC89C500498E81 /* Scene Actors */,
				61312A1C259D550F0057CA6B /* ImageEditView.swift */,
				6102B19325F9B1D400322777 /* BulkImageUploadView.swift */,
			);
			path = "App Flow";
			sourceTree = "<group>";
		};
		61D3111825ACE6F60031FE91 /* ViewModels */ = {
			isa = PBXGroup;
			children = (
				616D0DAC2560D0900007F798 /* SessionStore.swift */,
				618923E12563515F004184BB /* LoginViewModel.swift */,
				61DF1BBE258881DB005BDA1D /* ProjectViewModel.swift */,
			);
			path = ViewModels;
			sourceTree = "<group>";
		};
		61DEFFB625FBBD400009C375 /* Messaging */ = {
			isa = PBXGroup;
			children = (
				61DEFFB725FBBD6A0009C375 /* MessageListView.swift */,
				61DEFFDE25FBFC580009C375 /* NewMessageView.swift */,
			);
			path = Messaging;
			sourceTree = "<group>";
		};
/* End PBXGroup section */

/* Begin PBXNativeTarget section */
		616D0D762560C7150007F798 /* Scene Me */ = {
			isa = PBXNativeTarget;
			buildConfigurationList = 616D0D8B2560C7160007F798 /* Build configuration list for PBXNativeTarget "Scene Me" */;
			buildPhases = (
				616D0D732560C7150007F798 /* Sources */,
				616D0D742560C7150007F798 /* Frameworks */,
				616D0D752560C7150007F798 /* Resources */,
				611DD3A925C22C900013FD05 /* Embed App Extensions */,
			);
			buildRules = (
			);
			dependencies = (
			);
			name = "Scene Me";
			packageProductDependencies = (
				61756E2F263E01ED0049BE73 /* FirebaseFirestore */,
				61756E31263E01F20049BE73 /* FirebaseFirestoreSwift-Beta */,
				61756E33263E02030049BE73 /* FacebookLogin */,
				61756E35263E02120049BE73 /* FacebookCore */,
				61756E37263E03700049BE73 /* FirebaseStorage */,
				61756E39263E03760049BE73 /* FirebaseStorageSwift-Beta */,
				61756E41263E04590049BE73 /* Kingfisher */,
				61756E43263E068E0049BE73 /* iPhoneNumberField */,
				61756E45263E06A30049BE73 /* FirebaseInAppMessaging-Beta */,
				61756E47263E06A90049BE73 /* FirebaseMessaging */,
				61756E49263E075A0049BE73 /* FirebaseAuth */,
				61756E4B263E075F0049BE73 /* FirebaseAnalytics */,
				61756E4D263E07670049BE73 /* FirebaseDatabase */,
				61756E50263E40640049BE73 /* AlertToast */,
				616DDFDE264F361200FC859B /* SwiftlySearch */,
			);
			productName = Style;
			productReference = 616D0D772560C7150007F798 /* Scene Me.app */;
			productType = "com.apple.product-type.application";
		};
/* End PBXNativeTarget section */

/* Begin PBXProject section */
		616D0D6F2560C7150007F798 /* Project object */ = {
			isa = PBXProject;
			attributes = {
				LastSwiftUpdateCheck = 1230;
				LastUpgradeCheck = 1220;
				TargetAttributes = {
					616D0D762560C7150007F798 = {
						CreatedOnToolsVersion = 12.2;
					};
				};
			};
			buildConfigurationList = 616D0D722560C7150007F798 /* Build configuration list for PBXProject "Style" */;
			compatibilityVersion = "Xcode 9.3";
			developmentRegion = en;
			hasScannedForEncodings = 0;
			knownRegions = (
				en,
				Base,
			);
			mainGroup = 616D0D6E2560C7150007F798;
			packageReferences = (
				616D0D8F2560CADF0007F798 /* XCRemoteSwiftPackageReference "firebase-ios-sdk" */,
				6181707125621AD00008ED28 /* XCRemoteSwiftPackageReference "facebook-ios-sdk" */,
				613A1EDA259BA35100C1F9D9 /* XCRemoteSwiftPackageReference "iPhoneNumberField" */,
				61756E40263E04590049BE73 /* XCRemoteSwiftPackageReference "Kingfisher" */,
				61756E4F263E40630049BE73 /* XCRemoteSwiftPackageReference "AlertToast" */,
				616DDFDD264F361200FC859B /* XCRemoteSwiftPackageReference "SwiftlySearch" */,
			);
			productRefGroup = 616D0D782560C7150007F798 /* Products */;
			projectDirPath = "";
			projectRoot = "";
			targets = (
				616D0D762560C7150007F798 /* Scene Me */,
			);
		};
/* End PBXProject section */

/* Begin PBXResourcesBuildPhase section */
		616D0D752560C7150007F798 /* Resources */ = {
			isa = PBXResourcesBuildPhase;
			buildActionMask = 2147483647;
			files = (
				616D0D822560C7160007F798 /* Preview Assets.xcassets in Resources */,
				616D0D7F2560C7160007F798 /* Assets.xcassets in Resources */,
				616D0DA22560CCAB0007F798 /* GoogleService-Info.plist in Resources */,
			);
			runOnlyForDeploymentPostprocessing = 0;
		};
/* End PBXResourcesBuildPhase section */

/* Begin PBXSourcesBuildPhase section */
		616D0D732560C7150007F798 /* Sources */ = {
			isa = PBXSourcesBuildPhase;
			buildActionMask = 2147483647;
			files = (
				61DF1BBF258881DB005BDA1D /* ProjectViewModel.swift in Sources */,
				618926A2257ECFD4004184BB /* SceneActorDetailView.swift in Sources */,
				61C6460F2563148D0056D528 /* GoogleLoginButton.swift in Sources */,
				61B8A49825AD37A90010FD75 /* UpdateImageView.swift in Sources */,
				61D310F925ACAB060031FE91 /* Actor.swift in Sources */,
				61B8A49525AD338D0010FD75 /* DateStyle.swift in Sources */,
				616D0DB02560D6E10007F798 /* AuthView.swift in Sources */,
				618923E22563515F004184BB /* LoginViewModel.swift in Sources */,
				616DDFE7264FB27700FC859B /* ActorView.swift in Sources */,
				6189253D256BE56E004184BB /* ImagePicker.swift in Sources */,
				61D3110D25ACDF2C0031FE91 /* Project.swift in Sources */,
				611DD28A25B8F1340013FD05 /* StackedImageView.swift in Sources */,
				61312A18259D215B0057CA6B /* HUDViews.swift in Sources */,
				6197AE3D25DE08CC0002D6DC /* ActorSize.swift in Sources */,
				61B8A49B25AD67B90010FD75 /* SceneActor.swift in Sources */,
				6189254A256BF6CF004184BB /* AddActorView.swift in Sources */,
				611DD38B25C207880013FD05 /* ScriptView.swift in Sources */,
				618926B9257F08F2004184BB /* ProjectListView.swift in Sources */,
				616DDFEB264FB2D900FC859B /* NoteListView.swift in Sources */,
				61AAC2452665F564000E0E46 /* AsyncImage.swift in Sources */,
				6102B19725F9BBA300322777 /* ActorListView.swift in Sources */,
				61312A25259E83650057CA6B /* ImageOverLayView.swift in Sources */,
				61DF1BC6258915A3005BDA1D /* AddProjectView.swift in Sources */,
				618923FA25636F7A004184BB /* UIPlayerView.swift in Sources */,
				616D0D842560C7160007F798 /* Persistence.swift in Sources */,
				616D0D7D2560C7150007F798 /* ContentView.swift in Sources */,
				61D3110625ACBF100031FE91 /* ActorLookView.swift in Sources */,
				61D310F325ACA9E30031FE91 /* ActorProfileView.swift in Sources */,
				618926C5257F0D6F004184BB /* EmptyIconView.swift in Sources */,
				61756E0C263C7BD10049BE73 /* ProjectListRow.swift in Sources */,
				6181707625621C8E0008ED28 /* FBLoginButton.swift in Sources */,
				61D310F625ACAA870031FE91 /* SheetState.swift in Sources */,
				6102B19425F9B1D400322777 /* BulkImageUploadView.swift in Sources */,
				61DEFFBB25FBC3D50009C375 /* Date+Extensions.swift in Sources */,
				61DEFFB825FBBD6A0009C375 /* MessageListView.swift in Sources */,
				616DDFE5264F819400FC859B /* SearchBar.swift in Sources */,
				613979C325A4E53600498E81 /* EditNoteView.swift in Sources */,
				616D0DAD2560D0900007F798 /* SessionStore.swift in Sources */,
				618923DE256335DF004184BB /* AppleLoginButton.swift in Sources */,
				61AAC2442665F564000E0E46 /* ImageLoader.swift in Sources */,
				61312A28259E940D0057CA6B /* ImageActorView.swift in Sources */,
				61899F9225EC95C300618871 /* ScriptSceneUpdateView.swift in Sources */,
				61AAC2432665F564000E0E46 /* ImageCache.swift in Sources */,
				618B690D25CE1E7B00B7968A /* WatermarkView.swift in Sources */,
				618B691025CF587700B7968A /* UIImage+Extensions.swift in Sources */,
				616DDFDC264F352E00FC859B /* GalleryView.swift in Sources */,
				616DDFED2653462300FC859B /* SideBarView.swift in Sources */,
				61892546256BEC5A004184BB /* ActorUpdateView.swift in Sources */,
				61DF1BCA258922B9005BDA1D /* ProjectDetailView.swift in Sources */,
				618926C0257F0BA3004184BB /* MultipleSelectionRow.swift in Sources */,
				611DD28E25B9D7220013FD05 /* View+Extensions.swift in Sources */,
				61D3111C25AD0CA60031FE91 /* UpdateActorLookView.swift in Sources */,
				616DDFE9264FB2C300FC859B /* SceneView.swift in Sources */,
				6189253A256BE1E2004184BB /* UserUpdateView.swift in Sources */,
				61892543256BE989004184BB /* ViewModifiers.swift in Sources */,
				611DD3CF25C33A790013FD05 /* File.swift in Sources */,
				61A9999025B2461100049DAA /* UpdateSceneActorListView.swift in Sources */,
				61D3111F25AD0DAE0031FE91 /* Note.swift in Sources */,
				616D0D7B2560C7150007F798 /* StyleApp.swift in Sources */,
				61D3111025ACE0F00031FE91 /* FirebaseObjectable.swift in Sources */,
				61AAC2462665F564000E0E46 /* EnvironmentValues+ImageCache.swift in Sources */,
				616DDFE4264F819400FC859B /* ViewControllerResolver.swift in Sources */,
				61892550256BFCDE004184BB /* AddSceneView.swift in Sources */,
				61899F9625ED83AC00618871 /* MessagesView.swift in Sources */,
				61312A21259D59120057CA6B /* SceneListView.swift in Sources */,
				61D310FC25ACAD250031FE91 /* LoadingViews.swift in Sources */,
				616DDFDA264F33E700FC859B /* TabBarView.swift in Sources */,
				61DEFFDF25FBFC580009C375 /* NewMessageView.swift in Sources */,
				61F5E6E9259BB10300263C46 /* ActorDetailView.swift in Sources */,
				61A9999325B874E900049DAA /* SceneImageListView.swift in Sources */,
				61D3110325ACB6540031FE91 /* ActorLook.swift in Sources */,
				618926AA257EF110004184BB /* SceneActorShareView.swift in Sources */,
				61AAC2482667CC5C000E0E46 /* MapView.swift in Sources */,
				611DD29225B9D7A40013FD05 /* HapticTestView.swift in Sources */,
				61D3110025ACB4080031FE91 /* IGView.swift in Sources */,
				61312A1D259D550F0057CA6B /* ImageEditView.swift in Sources */,
				614DA5CE25EC4E7900E861A0 /* ProjectAdminView.swift in Sources */,
				61D3111325ACE2EA0031FE91 /* MovieScene.swift in Sources */,
				616DDFEF265348B000FC859B /* MainView.swift in Sources */,
				61D3110925ACD8F50031FE91 /* FormTextFieldView.swift in Sources */,
				616D0DA52560CD9E0007F798 /* AppDelegate.swift in Sources */,
				616D0D872560C7160007F798 /* Style.xcdatamodeld in Sources */,
				61D3111625ACE6D10031FE91 /* ProjectUser.swift in Sources */,
				618926A6257ED4E0004184BB /* TextView.swift in Sources */,
				611DD38225C1D7760013FD05 /* SlantedBackgroundView.swift in Sources */,
				6189269F257EC9B2004184BB /* SceneDetailView.swift in Sources */,
				61D435BF25C90C9200FDF8E6 /* LoadingView.swift in Sources */,
				6189254D256BFBD2004184BB /* SceneUpdateView.swift in Sources */,
				6197AE3A25DDF8EB0002D6DC /* ActorSizeChartView.swift in Sources */,
				618B690625CC91EA00B7968A /* FilePickerView.swift in Sources */,
				61DF1BCE25894D2E005BDA1D /* AddSceneActorView.swift in Sources */,
				616DDFE1264F695300FC859B /* TokenSearchBar.swift in Sources */,
				61397AD425AC8CBF00498E81 /* ImageTextRowView.swift in Sources */,
				611DD37F25C1CF030013FD05 /* BackgroundView.swift in Sources */,
				6102B19A25FAF5DD00322777 /* PushManager.swift in Sources */,
			);
			runOnlyForDeploymentPostprocessing = 0;
		};
/* End PBXSourcesBuildPhase section */

/* Begin XCBuildConfiguration section */
		616D0D892560C7160007F798 /* Debug */ = {
			isa = XCBuildConfiguration;
			buildSettings = {
				ALWAYS_SEARCH_USER_PATHS = NO;
				CLANG_ANALYZER_NONNULL = YES;
				CLANG_ANALYZER_NUMBER_OBJECT_CONVERSION = YES_AGGRESSIVE;
				CLANG_CXX_LANGUAGE_STANDARD = "gnu++14";
				CLANG_CXX_LIBRARY = "libc++";
				CLANG_ENABLE_MODULES = YES;
				CLANG_ENABLE_OBJC_ARC = YES;
				CLANG_ENABLE_OBJC_WEAK = YES;
				CLANG_WARN_BLOCK_CAPTURE_AUTORELEASING = YES;
				CLANG_WARN_BOOL_CONVERSION = YES;
				CLANG_WARN_COMMA = YES;
				CLANG_WARN_CONSTANT_CONVERSION = YES;
				CLANG_WARN_DEPRECATED_OBJC_IMPLEMENTATIONS = YES;
				CLANG_WARN_DIRECT_OBJC_ISA_USAGE = YES_ERROR;
				CLANG_WARN_DOCUMENTATION_COMMENTS = YES;
				CLANG_WARN_EMPTY_BODY = YES;
				CLANG_WARN_ENUM_CONVERSION = YES;
				CLANG_WARN_INFINITE_RECURSION = YES;
				CLANG_WARN_INT_CONVERSION = YES;
				CLANG_WARN_NON_LITERAL_NULL_CONVERSION = YES;
				CLANG_WARN_OBJC_IMPLICIT_RETAIN_SELF = YES;
				CLANG_WARN_OBJC_LITERAL_CONVERSION = YES;
				CLANG_WARN_OBJC_ROOT_CLASS = YES_ERROR;
				CLANG_WARN_QUOTED_INCLUDE_IN_FRAMEWORK_HEADER = YES;
				CLANG_WARN_RANGE_LOOP_ANALYSIS = YES;
				CLANG_WARN_STRICT_PROTOTYPES = YES;
				CLANG_WARN_SUSPICIOUS_MOVE = YES;
				CLANG_WARN_UNGUARDED_AVAILABILITY = YES_AGGRESSIVE;
				CLANG_WARN_UNREACHABLE_CODE = YES;
				CLANG_WARN__DUPLICATE_METHOD_MATCH = YES;
				COPY_PHASE_STRIP = NO;
				DEBUG_INFORMATION_FORMAT = dwarf;
				ENABLE_BITCODE = NO;
				ENABLE_STRICT_OBJC_MSGSEND = YES;
				ENABLE_TESTABILITY = YES;
				GCC_C_LANGUAGE_STANDARD = gnu11;
				GCC_DYNAMIC_NO_PIC = NO;
				GCC_NO_COMMON_BLOCKS = YES;
				GCC_OPTIMIZATION_LEVEL = 0;
				GCC_PREPROCESSOR_DEFINITIONS = (
					"DEBUG=1",
					"$(inherited)",
				);
				GCC_WARN_64_TO_32_BIT_CONVERSION = YES;
				GCC_WARN_ABOUT_RETURN_TYPE = YES_ERROR;
				GCC_WARN_UNDECLARED_SELECTOR = YES;
				GCC_WARN_UNINITIALIZED_AUTOS = YES_AGGRESSIVE;
				GCC_WARN_UNUSED_FUNCTION = YES;
				GCC_WARN_UNUSED_VARIABLE = YES;
				IPHONEOS_DEPLOYMENT_TARGET = 14.2;
				MTL_ENABLE_DEBUG_INFO = INCLUDE_SOURCE;
				MTL_FAST_MATH = YES;
				ONLY_ACTIVE_ARCH = YES;
				SDKROOT = iphoneos;
				SWIFT_ACTIVE_COMPILATION_CONDITIONS = DEBUG;
				SWIFT_OPTIMIZATION_LEVEL = "-Onone";
			};
			name = Debug;
		};
		616D0D8A2560C7160007F798 /* Release */ = {
			isa = XCBuildConfiguration;
			buildSettings = {
				ALWAYS_SEARCH_USER_PATHS = NO;
				CLANG_ANALYZER_NONNULL = YES;
				CLANG_ANALYZER_NUMBER_OBJECT_CONVERSION = YES_AGGRESSIVE;
				CLANG_CXX_LANGUAGE_STANDARD = "gnu++14";
				CLANG_CXX_LIBRARY = "libc++";
				CLANG_ENABLE_MODULES = YES;
				CLANG_ENABLE_OBJC_ARC = YES;
				CLANG_ENABLE_OBJC_WEAK = YES;
				CLANG_WARN_BLOCK_CAPTURE_AUTORELEASING = YES;
				CLANG_WARN_BOOL_CONVERSION = YES;
				CLANG_WARN_COMMA = YES;
				CLANG_WARN_CONSTANT_CONVERSION = YES;
				CLANG_WARN_DEPRECATED_OBJC_IMPLEMENTATIONS = YES;
				CLANG_WARN_DIRECT_OBJC_ISA_USAGE = YES_ERROR;
				CLANG_WARN_DOCUMENTATION_COMMENTS = YES;
				CLANG_WARN_EMPTY_BODY = YES;
				CLANG_WARN_ENUM_CONVERSION = YES;
				CLANG_WARN_INFINITE_RECURSION = YES;
				CLANG_WARN_INT_CONVERSION = YES;
				CLANG_WARN_NON_LITERAL_NULL_CONVERSION = YES;
				CLANG_WARN_OBJC_IMPLICIT_RETAIN_SELF = YES;
				CLANG_WARN_OBJC_LITERAL_CONVERSION = YES;
				CLANG_WARN_OBJC_ROOT_CLASS = YES_ERROR;
				CLANG_WARN_QUOTED_INCLUDE_IN_FRAMEWORK_HEADER = YES;
				CLANG_WARN_RANGE_LOOP_ANALYSIS = YES;
				CLANG_WARN_STRICT_PROTOTYPES = YES;
				CLANG_WARN_SUSPICIOUS_MOVE = YES;
				CLANG_WARN_UNGUARDED_AVAILABILITY = YES_AGGRESSIVE;
				CLANG_WARN_UNREACHABLE_CODE = YES;
				CLANG_WARN__DUPLICATE_METHOD_MATCH = YES;
				COPY_PHASE_STRIP = NO;
				DEBUG_INFORMATION_FORMAT = "dwarf-with-dsym";
				ENABLE_BITCODE = NO;
				ENABLE_NS_ASSERTIONS = NO;
				ENABLE_STRICT_OBJC_MSGSEND = YES;
				GCC_C_LANGUAGE_STANDARD = gnu11;
				GCC_NO_COMMON_BLOCKS = YES;
				GCC_WARN_64_TO_32_BIT_CONVERSION = YES;
				GCC_WARN_ABOUT_RETURN_TYPE = YES_ERROR;
				GCC_WARN_UNDECLARED_SELECTOR = YES;
				GCC_WARN_UNINITIALIZED_AUTOS = YES_AGGRESSIVE;
				GCC_WARN_UNUSED_FUNCTION = YES;
				GCC_WARN_UNUSED_VARIABLE = YES;
				IPHONEOS_DEPLOYMENT_TARGET = 14.2;
				MTL_ENABLE_DEBUG_INFO = NO;
				MTL_FAST_MATH = YES;
				SDKROOT = iphoneos;
				SWIFT_COMPILATION_MODE = wholemodule;
				SWIFT_OPTIMIZATION_LEVEL = "-O";
				VALIDATE_PRODUCT = YES;
			};
			name = Release;
		};
		616D0D8C2560C7160007F798 /* Debug */ = {
			isa = XCBuildConfiguration;
			buildSettings = {
				ALWAYS_EMBED_SWIFT_STANDARD_LIBRARIES = YES;
				ASSETCATALOG_COMPILER_APPICON_NAME = AppIcon;
				ASSETCATALOG_COMPILER_GLOBAL_ACCENT_COLOR_NAME = AccentColor;
				CODE_SIGN_ENTITLEMENTS = Style/Style.entitlements;
				CODE_SIGN_IDENTITY = "iPhone Developer";
				CODE_SIGN_STYLE = Manual;
				DEVELOPMENT_ASSET_PATHS = "\"Style/Preview Content\"";
				DEVELOPMENT_TEAM = SP7UUHBXPL;
				ENABLE_BITCODE = NO;
				ENABLE_PREVIEWS = YES;
				INFOPLIST_FILE = Style/Info.plist;
				IPHONEOS_DEPLOYMENT_TARGET = 14.0;
				LD_RUNPATH_SEARCH_PATHS = (
					"$(inherited)",
					"@executable_path/Frameworks",
				);
				ONLY_ACTIVE_ARCH = YES;
				OTHER_LDFLAGS = "-ObjC";
				PRODUCT_BUNDLE_IDENTIFIER = com.vincedavis.style;
				PRODUCT_NAME = "$(TARGET_NAME)";
				PROVISIONING_PROFILE_SPECIFIER = scenemeDev;
				SUPPORTS_MACCATALYST = NO;
				SWIFT_VERSION = 5.0;
				TARGETED_DEVICE_FAMILY = "1,2";
			};
			name = Debug;
		};
		616D0D8D2560C7160007F798 /* Release */ = {
			isa = XCBuildConfiguration;
			buildSettings = {
				ALWAYS_EMBED_SWIFT_STANDARD_LIBRARIES = YES;
				ASSETCATALOG_COMPILER_APPICON_NAME = AppIcon;
				ASSETCATALOG_COMPILER_GLOBAL_ACCENT_COLOR_NAME = AccentColor;
				CODE_SIGN_ENTITLEMENTS = Style/Style.entitlements;
				CODE_SIGN_IDENTITY = "iPhone Developer";
				CODE_SIGN_STYLE = Manual;
				DEVELOPMENT_ASSET_PATHS = "\"Style/Preview Content\"";
				DEVELOPMENT_TEAM = SP7UUHBXPL;
				ENABLE_BITCODE = NO;
				ENABLE_PREVIEWS = YES;
				INFOPLIST_FILE = Style/Info.plist;
				IPHONEOS_DEPLOYMENT_TARGET = 14.0;
				LD_RUNPATH_SEARCH_PATHS = (
					"$(inherited)",
					"@executable_path/Frameworks",
				);
				ONLY_ACTIVE_ARCH = YES;
				OTHER_LDFLAGS = "-ObjC";
				PRODUCT_BUNDLE_IDENTIFIER = com.vincedavis.style;
				PRODUCT_NAME = "$(TARGET_NAME)";
				PROVISIONING_PROFILE_SPECIFIER = scenemeDev;
				SUPPORTS_MACCATALYST = NO;
				SWIFT_VERSION = 5.0;
				TARGETED_DEVICE_FAMILY = "1,2";
			};
			name = Release;
		};
/* End XCBuildConfiguration section */

/* Begin XCConfigurationList section */
		616D0D722560C7150007F798 /* Build configuration list for PBXProject "Style" */ = {
			isa = XCConfigurationList;
			buildConfigurations = (
				616D0D892560C7160007F798 /* Debug */,
				616D0D8A2560C7160007F798 /* Release */,
			);
			defaultConfigurationIsVisible = 0;
			defaultConfigurationName = Release;
		};
		616D0D8B2560C7160007F798 /* Build configuration list for PBXNativeTarget "Scene Me" */ = {
			isa = XCConfigurationList;
			buildConfigurations = (
				616D0D8C2560C7160007F798 /* Debug */,
				616D0D8D2560C7160007F798 /* Release */,
			);
			defaultConfigurationIsVisible = 0;
			defaultConfigurationName = Release;
		};
/* End XCConfigurationList section */

/* Begin XCRemoteSwiftPackageReference section */
		613A1EDA259BA35100C1F9D9 /* XCRemoteSwiftPackageReference "iPhoneNumberField" */ = {
			isa = XCRemoteSwiftPackageReference;
			repositoryURL = "https://github.com/MojtabaHs/iPhoneNumberField";
			requirement = {
				kind = upToNextMajorVersion;
				minimumVersion = 0.6.1;
			};
		};
		616D0D8F2560CADF0007F798 /* XCRemoteSwiftPackageReference "firebase-ios-sdk" */ = {
			isa = XCRemoteSwiftPackageReference;
			repositoryURL = "https://github.com/firebase/firebase-ios-sdk";
			requirement = {
				kind = upToNextMajorVersion;
				minimumVersion = 7.11.1;
			};
		};
		616DDFDD264F361200FC859B /* XCRemoteSwiftPackageReference "SwiftlySearch" */ = {
			isa = XCRemoteSwiftPackageReference;
			repositoryURL = "https://github.com/thislooksfun/SwiftlySearch.git";
			requirement = {
				kind = upToNextMajorVersion;
				minimumVersion = 1.2.4;
			};
		};
		61756E40263E04590049BE73 /* XCRemoteSwiftPackageReference "Kingfisher" */ = {
			isa = XCRemoteSwiftPackageReference;
			repositoryURL = "https://github.com/onevcat/Kingfisher";
			requirement = {
				kind = upToNextMajorVersion;
				minimumVersion = 6.0.0;
			};
		};
		61756E4F263E40630049BE73 /* XCRemoteSwiftPackageReference "AlertToast" */ = {
			isa = XCRemoteSwiftPackageReference;
			repositoryURL = "https://github.com/elai950/AlertToast";
			requirement = {
				kind = upToNextMajorVersion;
				minimumVersion = 1.2.3;
			};
		};
		6181707125621AD00008ED28 /* XCRemoteSwiftPackageReference "facebook-ios-sdk" */ = {
			isa = XCRemoteSwiftPackageReference;
			repositoryURL = "https://github.com/facebook/facebook-ios-sdk";
			requirement = {
				branch = "9.3.0-rc";
				kind = branch;
			};
		};
/* End XCRemoteSwiftPackageReference section */

/* Begin XCSwiftPackageProductDependency section */
		616DDFDE264F361200FC859B /* SwiftlySearch */ = {
			isa = XCSwiftPackageProductDependency;
			package = 616DDFDD264F361200FC859B /* XCRemoteSwiftPackageReference "SwiftlySearch" */;
			productName = SwiftlySearch;
		};
		61756E2F263E01ED0049BE73 /* FirebaseFirestore */ = {
			isa = XCSwiftPackageProductDependency;
			package = 616D0D8F2560CADF0007F798 /* XCRemoteSwiftPackageReference "firebase-ios-sdk" */;
			productName = FirebaseFirestore;
		};
		61756E31263E01F20049BE73 /* FirebaseFirestoreSwift-Beta */ = {
			isa = XCSwiftPackageProductDependency;
			package = 616D0D8F2560CADF0007F798 /* XCRemoteSwiftPackageReference "firebase-ios-sdk" */;
			productName = "FirebaseFirestoreSwift-Beta";
		};
		61756E33263E02030049BE73 /* FacebookLogin */ = {
			isa = XCSwiftPackageProductDependency;
			package = 6181707125621AD00008ED28 /* XCRemoteSwiftPackageReference "facebook-ios-sdk" */;
			productName = FacebookLogin;
		};
		61756E35263E02120049BE73 /* FacebookCore */ = {
			isa = XCSwiftPackageProductDependency;
			package = 6181707125621AD00008ED28 /* XCRemoteSwiftPackageReference "facebook-ios-sdk" */;
			productName = FacebookCore;
		};
		61756E37263E03700049BE73 /* FirebaseStorage */ = {
			isa = XCSwiftPackageProductDependency;
			package = 616D0D8F2560CADF0007F798 /* XCRemoteSwiftPackageReference "firebase-ios-sdk" */;
			productName = FirebaseStorage;
		};
		61756E39263E03760049BE73 /* FirebaseStorageSwift-Beta */ = {
			isa = XCSwiftPackageProductDependency;
			package = 616D0D8F2560CADF0007F798 /* XCRemoteSwiftPackageReference "firebase-ios-sdk" */;
			productName = "FirebaseStorageSwift-Beta";
		};
		61756E41263E04590049BE73 /* Kingfisher */ = {
			isa = XCSwiftPackageProductDependency;
			package = 61756E40263E04590049BE73 /* XCRemoteSwiftPackageReference "Kingfisher" */;
			productName = Kingfisher;
		};
		61756E43263E068E0049BE73 /* iPhoneNumberField */ = {
			isa = XCSwiftPackageProductDependency;
			package = 613A1EDA259BA35100C1F9D9 /* XCRemoteSwiftPackageReference "iPhoneNumberField" */;
			productName = iPhoneNumberField;
		};
		61756E45263E06A30049BE73 /* FirebaseInAppMessaging-Beta */ = {
			isa = XCSwiftPackageProductDependency;
			package = 616D0D8F2560CADF0007F798 /* XCRemoteSwiftPackageReference "firebase-ios-sdk" */;
			productName = "FirebaseInAppMessaging-Beta";
		};
		61756E47263E06A90049BE73 /* FirebaseMessaging */ = {
			isa = XCSwiftPackageProductDependency;
			package = 616D0D8F2560CADF0007F798 /* XCRemoteSwiftPackageReference "firebase-ios-sdk" */;
			productName = FirebaseMessaging;
		};
		61756E49263E075A0049BE73 /* FirebaseAuth */ = {
			isa = XCSwiftPackageProductDependency;
			package = 616D0D8F2560CADF0007F798 /* XCRemoteSwiftPackageReference "firebase-ios-sdk" */;
			productName = FirebaseAuth;
		};
		61756E4B263E075F0049BE73 /* FirebaseAnalytics */ = {
			isa = XCSwiftPackageProductDependency;
			package = 616D0D8F2560CADF0007F798 /* XCRemoteSwiftPackageReference "firebase-ios-sdk" */;
			productName = FirebaseAnalytics;
		};
		61756E4D263E07670049BE73 /* FirebaseDatabase */ = {
			isa = XCSwiftPackageProductDependency;
			package = 616D0D8F2560CADF0007F798 /* XCRemoteSwiftPackageReference "firebase-ios-sdk" */;
			productName = FirebaseDatabase;
		};
		61756E50263E40640049BE73 /* AlertToast */ = {
			isa = XCSwiftPackageProductDependency;
			package = 61756E4F263E40630049BE73 /* XCRemoteSwiftPackageReference "AlertToast" */;
			productName = AlertToast;
		};
/* End XCSwiftPackageProductDependency section */

/* Begin XCVersionGroup section */
		616D0D852560C7160007F798 /* Style.xcdatamodeld */ = {
			isa = XCVersionGroup;
			children = (
				616D0D862560C7160007F798 /* Style.xcdatamodel */,
			);
			currentVersion = 616D0D862560C7160007F798 /* Style.xcdatamodel */;
			path = Style.xcdatamodeld;
			sourceTree = "<group>";
			versionGroupType = wrapper.xcdatamodel;
		};
/* End XCVersionGroup section */
	};
	rootObject = 616D0D6F2560C7150007F798 /* Project object */;
}
